
Microsoft Visual Studio Solution File, Format Version 12.00
# Visual Studio 14
VisualStudioVersion = 14.0.25420.1
MinimumVisualStudioVersion = 10.0.40219.1
Project("{FAE04EC0-301F-11D3-BF4B-00C04F79EFBC}") = "Contacts.Web", "Contacts.Web\Contacts.Web.csproj", "{93849480-1FAA-47A5-ACC7-8E7C1E4A7FA9}"
EndProject
Project("{FAE04EC0-301F-11D3-BF4B-00C04F79EFBC}") = "Contacts.Web.Tests", "Contacts.Web.Tests\Contacts.Web.Tests.csproj", "{B1529753-F82B-4C7B-8F8F-CBFBD43E37BA}"
EndProject
Project("{FAE04EC0-301F-11D3-BF4B-00C04F79EFBC}") = "Contacts.DataAccess", "Contacts.DataAccess\Contacts.DataAccess.csproj", "{58915DEA-9258-4F70-B6A5-A25C9E261E2B}"
EndProject
Project("{FAE04EC0-301F-11D3-BF4B-00C04F79EFBC}") = "Contacts.BusinessAccess", "Contacts.BusinessAccess\Contacts.BusinessAccess.csproj", "{D03D4CE2-6CFD-4CB1-8DC8-5A249611F676}"
EndProject
Global
	GlobalSection(SolutionConfigurationPlatforms) = preSolution
		Debug|Any CPU = Debug|Any CPU
		Release|Any CPU = Release|Any CPU
	EndGlobalSection
	GlobalSection(ProjectConfigurationPlatforms) = postSolution
		{93849480-1FAA-47A5-ACC7-8E7C1E4A7FA9}.Debug|Any CPU.ActiveCfg = Debug|Any CPU
		{93849480-1FAA-47A5-ACC7-8E7C1E4A7FA9}.Debug|Any CPU.Build.0 = Debug|Any CPU
		{93849480-1FAA-47A5-ACC7-8E7C1E4A7FA9}.Release|Any CPU.ActiveCfg = Release|Any CPU
		{93849480-1FAA-47A5-ACC7-8E7C1E4A7FA9}.Release|Any CPU.Build.0 = Release|Any CPU
		{B1529753-F82B-4C7B-8F8F-CBFBD43E37BA}.Debug|Any CPU.ActiveCfg = Debug|Any CPU
		{B1529753-F82B-4C7B-8F8F-CBFBD43E37BA}.Debug|Any CPU.Build.0 = Debug|Any CPU
		{B1529753-F82B-4C7B-8F8F-CBFBD43E37BA}.Release|Any CPU.ActiveCfg = Release|Any CPU
		{B1529753-F82B-4C7B-8F8F-CBFBD43E37BA}.Release|Any CPU.Build.0 = Release|Any CPU
		{58915DEA-9258-4F70-B6A5-A25C9E261E2B}.Debug|Any CPU.ActiveCfg = Debug|Any CPU
		{58915DEA-9258-4F70-B6A5-A25C9E261E2B}.Debug|Any CPU.Build.0 = Debug|Any CPU
		{58915DEA-9258-4F70-B6A5-A25C9E261E2B}.Release|Any CPU.ActiveCfg = Release|Any CPU
		{58915DEA-9258-4F70-B6A5-A25C9E261E2B}.Release|Any CPU.Build.0 = Release|Any CPU
		{D03D4CE2-6CFD-4CB1-8DC8-5A249611F676}.Debug|Any CPU.ActiveCfg = Debug|Any CPU
		{D03D4CE2-6CFD-4CB1-8DC8-5A249611F676}.Debug|Any CPU.Build.0 = Debug|Any CPU
		{D03D4CE2-6CFD-4CB1-8DC8-5A249611F676}.Release|Any CPU.ActiveCfg = Release|Any CPU
		{D03D4CE2-6CFD-4CB1-8DC8-5A249611F676}.Release|Any CPU.Build.0 = Release|Any CPU
	EndGlobalSection
	GlobalSection(SolutionProperties) = preSolution
		HideSolutionNode = FALSE
	EndGlobalSection
EndGlobal
